
Microsoft Visual Studio Solution File, Format Version 12.00
# Visual Studio 15
VisualStudioVersion = 15.0.27703.2026
MinimumVisualStudioVersion = 10.0.40219.1
Project("{FAE04EC0-301F-11D3-BF4B-00C04F79EFBC}") = "CakeTickBoard", "CakeTickBoard\CakeTickBoard.csproj", "{C736AE0E-32BE-48F2-9868-69B5B6FE6ECA}"
EndProject
Global
	GlobalSection(SolutionConfigurationPlatforms) = preSolution
		Debug|Any CPU = Debug|Any CPU
		Release|Any CPU = Release|Any CPU
	EndGlobalSection
	GlobalSection(ProjectConfigurationPlatforms) = postSolution
		{C736AE0E-32BE-48F2-9868-69B5B6FE6ECA}.Debug|Any CPU.ActiveCfg = Debug|Any CPU
		{C736AE0E-32BE-48F2-9868-69B5B6FE6ECA}.Debug|Any CPU.Build.0 = Debug|Any CPU
		{C736AE0E-32BE-48F2-9868-69B5B6FE6ECA}.Release|Any CPU.ActiveCfg = Release|Any CPU
		{C736AE0E-32BE-48F2-9868-69B5B6FE6ECA}.Release|Any CPU.Build.0 = Release|Any CPU
	EndGlobalSection
	GlobalSection(SolutionProperties) = preSolution
		HideSolutionNode = FALSE
	EndGlobalSection
	GlobalSection(ExtensibilityGlobals) = postSolution
		SolutionGuid = {1CA7BC06-808A-4227-AE65-36EDD6C9C3E4}
	EndGlobalSection
EndGlobal
